
Microsoft Visual Studio Solution File, Format Version 12.00
# Visual Studio Version 17
VisualStudioVersion = 17.11.35208.52
MinimumVisualStudioVersion = 10.0.40219.1
Project("{FAE04EC0-301F-11D3-BF4B-00C04F79EFBC}") = "Lab25_LectureDemo", "Lab25_LectureDemo.csproj", "{4F597C4A-5BD8-4102-8C87-B97F59829676}"
EndProject
Global
	GlobalSection(SolutionConfigurationPlatforms) = preSolution
		Debug|Any CPU = Debug|Any CPU
		Release|Any CPU = Release|Any CPU
	EndGlobalSection
	GlobalSection(ProjectConfigurationPlatforms) = postSolution
		{4F597C4A-5BD8-4102-8C87-B97F59829676}.Debug|Any CPU.ActiveCfg = Debug|Any CPU
		{4F597C4A-5BD8-4102-8C87-B97F59829676}.Debug|Any CPU.Build.0 = Debug|Any CPU
		{4F597C4A-5BD8-4102-8C87-B97F59829676}.Release|Any CPU.ActiveCfg = Release|Any CPU
		{4F597C4A-5BD8-4102-8C87-B97F59829676}.Release|Any CPU.Build.0 = Release|Any CPU
	EndGlobalSection
	GlobalSection(SolutionProperties) = preSolution
		HideSolutionNode = FALSE
	EndGlobalSection
	GlobalSection(ExtensibilityGlobals) = postSolution
		SolutionGuid = {EC855E66-F43C-4FAA-BE7A-77CA327F980F}
	EndGlobalSection
EndGlobal
